<?xml version="1.0" encoding="utf-8"?>
<Project ToolsVersion="4.0" xmlns="http://schemas.microsoft.com/developer/msbuild/2003">
  <ItemGroup>
    <Filter Include="Header Files">
      <UniqueIdentifier>{93995380-89BD-4b04-88EB-625FBE52EBFB}</UniqueIdentifier>
      <Extensions>h;hpp;hxx;hm;inl;inc;xsd</Extensions>
    </Filter>
    <Filter Include="Source Files">
      <UniqueIdentifier>{4FC737F1-C7A5-4376-A066-2A32D752A2FF}</UniqueIdentifier>
      <Extensions>cpp;c;cxx;def;odl;idl;hpj;bat;asm;asmx</Extensions>
    </Filter>
  </ItemGroup>
  <ItemGroup>
    <ClCompile Include="src\Anchor.cpp">
      <Filter>Source Files</Filter>
    </ClCompile>
    <ClCompile Include="src\BinaryGrammar.cpp">
      <Filter>Source Files</Filter>
    </ClCompile>
    <ClCompile Include="src\BinaryGrammar_read.cpp">
      <Filter>Source Files</Filter>
    </ClCompile>
    <ClCompile Include="src\BinaryGrammar_write.cpp">
      <Filter>Source Files</Filter>
    </ClCompile>
    <ClCompile Include="src\cg_comp.cpp">
      <Filter>Source Files</Filter>
    </ClCompile>
    <ClCompile Include="src\CompositeTag.cpp">
      <Filter>Source Files</Filter>
    </ClCompile>
    <ClCompile Include="src\ContextualTest.cpp">
      <Filter>Source Files</Filter>
    </ClCompile>
    <ClCompile Include="src\Grammar.cpp">
      <Filter>Source Files</Filter>
    </ClCompile>
    <ClCompile Include="src\Rule.cpp">
      <Filter>Source Files</Filter>
    </ClCompile>
    <ClCompile Include="src\Set.cpp">
      <Filter>Source Files</Filter>
    </ClCompile>
    <ClCompile Include="src\Strings.cpp">
      <Filter>Source Files</Filter>
    </ClCompile>
    <ClCompile Include="src\Tag.cpp">
      <Filter>Source Files</Filter>
    </ClCompile>
    <ClCompile Include="src\TextualParser.cpp">
      <Filter>Source Files</Filter>
    </ClCompile>
    <ClCompile Include="src\uextras.cpp">
      <Filter>Source Files</Filter>
    </ClCompile>
    <ClCompile Include="win32\getopt.c">
      <Filter>Source Files</Filter>
    </ClCompile>
    <ClCompile Include="win32\libgen.c">
      <Filter>Source Files</Filter>
    </ClCompile>
  </ItemGroup>
  <ItemGroup>
    <ClInclude Include="src\Anchor.h">
      <Filter>Header Files</Filter>
    </ClInclude>
    <ClInclude Include="src\BinaryGrammar.h">
      <Filter>Header Files</Filter>
    </ClInclude>
    <ClInclude Include="src\CompositeTag.h">
      <Filter>Header Files</Filter>
    </ClInclude>
    <ClInclude Include="src\ContextualTest.h">
      <Filter>Header Files</Filter>
    </ClInclude>
    <ClInclude Include="src\cycle.h">
      <Filter>Header Files</Filter>
    </ClInclude>
    <ClInclude Include="src\Grammar.h">
      <Filter>Header Files</Filter>
    </ClInclude>
    <ClInclude Include="src\GrammarWriter.h">
      <Filter>Header Files</Filter>
    </ClInclude>
    <ClInclude Include="src\icu_uoptions.h">
      <Filter>Header Files</Filter>
    </ClInclude>
    <ClInclude Include="src\IGrammarParser.h">
      <Filter>Header Files</Filter>
    </ClInclude>
    <ClInclude Include="src\inlines.h">
      <Filter>Header Files</Filter>
    </ClInclude>
    <ClInclude Include="src\Rule.h">
      <Filter>Header Files</Filter>
    </ClInclude>
    <ClInclude Include="src\Set.h">
      <Filter>Header Files</Filter>
    </ClInclude>
    <ClInclude Include="src\stdafx.h">
      <Filter>Header Files</Filter>
    </ClInclude>
    <ClInclude Include="src\Strings.h">
      <Filter>Header Files</Filter>
    </ClInclude>
    <ClInclude Include="src\Tag.h">
      <Filter>Header Files</Filter>
    </ClInclude>
    <ClInclude Include="src\TextualParser.h">
      <Filter>Header Files</Filter>
    </ClInclude>
    <ClInclude Include="src\uextras.h">
      <Filter>Header Files</Filter>
    </ClInclude>
    <ClInclude Include="src\version.h">
      <Filter>Header Files</Filter>
    </ClInclude>
    <ClInclude Include="win32\getopt.h">
      <Filter>Header Files</Filter>
    </ClInclude>
    <ClInclude Include="win32\libgen.h">
      <Filter>Header Files</Filter>
    </ClInclude>
  </ItemGroup>
</Project>