<?xml version="1.0" encoding="utf-8"?>
<Project ToolsVersion="4.0" xmlns="http://schemas.microsoft.com/developer/msbuild/2003">
  <ItemGroup>
    <Filter Include="Header Files">
      <UniqueIdentifier>{93995380-89BD-4b04-88EB-625FBE52EBFB}</UniqueIdentifier>
      <Extensions>h;hpp;hxx;hm;inl;inc;xsd</Extensions>
    </Filter>
    <Filter Include="Source Files">
      <UniqueIdentifier>{4FC737F1-C7A5-4376-A066-2A32D752A2FF}</UniqueIdentifier>
      <Extensions>cpp;c;cxx;def;odl;idl;hpj;bat;asm;asmx</Extensions>
    </Filter>
  </ItemGroup>
  <ItemGroup>
    <ClCompile Include="src\Anchor.cpp">
      <Filter>Source Files</Filter>
    </ClCompile>
    <ClCompile Include="src\BinaryGrammar.cpp">
      <Filter>Source Files</Filter>
    </ClCompile>
    <ClCompile Include="src\BinaryGrammar_read.cpp">
      <Filter>Source Files</Filter>
    </ClCompile>
    <ClCompile Include="src\BinaryGrammar_write.cpp">
      <Filter>Source Files</Filter>
    </ClCompile>
    <ClCompile Include="src\Cohort.cpp">
      <Filter>Source Files</Filter>
    </ClCompile>
    <ClCompile Include="src\CohortIterator.cpp">
      <Filter>Source Files</Filter>
    </ClCompile>
    <ClCompile Include="src\CompositeTag.cpp">
      <Filter>Source Files</Filter>
    </ClCompile>
    <ClCompile Include="src\ContextualTest.cpp">
      <Filter>Source Files</Filter>
    </ClCompile>
    <ClCompile Include="src\Grammar.cpp">
      <Filter>Source Files</Filter>
    </ClCompile>
    <ClCompile Include="src\GrammarApplicator.cpp">
      <Filter>Source Files</Filter>
    </ClCompile>
    <ClCompile Include="src\GrammarApplicator_matchSet.cpp">
      <Filter>Source Files</Filter>
    </ClCompile>
    <ClCompile Include="src\GrammarApplicator_reflow.cpp">
      <Filter>Source Files</Filter>
    </ClCompile>
    <ClCompile Include="src\GrammarApplicator_runContextualTest.cpp">
      <Filter>Source Files</Filter>
    </ClCompile>
    <ClCompile Include="src\GrammarApplicator_runGrammar.cpp">
      <Filter>Source Files</Filter>
    </ClCompile>
    <ClCompile Include="src\GrammarApplicator_runRules.cpp">
      <Filter>Source Files</Filter>
    </ClCompile>
    <ClCompile Include="src\GrammarWriter.cpp">
      <Filter>Source Files</Filter>
    </ClCompile>
    <ClCompile Include="src\icu_uoptions.cpp">
      <Filter>Source Files</Filter>
    </ClCompile>
    <ClCompile Include="src\main.cpp">
      <Filter>Source Files</Filter>
    </ClCompile>
    <ClCompile Include="src\Reading.cpp">
      <Filter>Source Files</Filter>
    </ClCompile>
    <ClCompile Include="src\Rule.cpp">
      <Filter>Source Files</Filter>
    </ClCompile>
    <ClCompile Include="src\Set.cpp">
      <Filter>Source Files</Filter>
    </ClCompile>
    <ClCompile Include="src\SingleWindow.cpp">
      <Filter>Source Files</Filter>
    </ClCompile>
    <ClCompile Include="src\Strings.cpp">
      <Filter>Source Files</Filter>
    </ClCompile>
    <ClCompile Include="src\Tag.cpp">
      <Filter>Source Files</Filter>
    </ClCompile>
    <ClCompile Include="src\TextualParser.cpp">
      <Filter>Source Files</Filter>
    </ClCompile>
    <ClCompile Include="src\uextras.cpp">
      <Filter>Source Files</Filter>
    </ClCompile>
    <ClCompile Include="src\Window.cpp">
      <Filter>Source Files</Filter>
    </ClCompile>
  </ItemGroup>
  <ItemGroup>
    <ClInclude Include="src\Anchor.h">
      <Filter>Header Files</Filter>
    </ClInclude>
    <ClInclude Include="src\BinaryGrammar.h">
      <Filter>Header Files</Filter>
    </ClInclude>
    <ClInclude Include="src\Cohort.h">
      <Filter>Header Files</Filter>
    </ClInclude>
    <ClInclude Include="src\CohortIterator.h">
      <Filter>Header Files</Filter>
    </ClInclude>
    <ClInclude Include="src\CompositeTag.h">
      <Filter>Header Files</Filter>
    </ClInclude>
    <ClInclude Include="src\ContextualTest.h">
      <Filter>Header Files</Filter>
    </ClInclude>
    <ClInclude Include="src\cycle.h">
      <Filter>Header Files</Filter>
    </ClInclude>
    <ClInclude Include="src\Grammar.h">
      <Filter>Header Files</Filter>
    </ClInclude>
    <ClInclude Include="src\GrammarApplicator.h">
      <Filter>Header Files</Filter>
    </ClInclude>
    <ClInclude Include="src\GrammarWriter.h">
      <Filter>Header Files</Filter>
    </ClInclude>
    <ClInclude Include="src\icu_uoptions.h">
      <Filter>Header Files</Filter>
    </ClInclude>
    <ClInclude Include="src\IGrammarParser.h">
      <Filter>Header Files</Filter>
    </ClInclude>
    <ClInclude Include="src\inlines.h">
      <Filter>Header Files</Filter>
    </ClInclude>
    <ClInclude Include="src\macros.h">
      <Filter>Header Files</Filter>
    </ClInclude>
    <ClInclude Include="src\options.h">
      <Filter>Header Files</Filter>
    </ClInclude>
    <ClInclude Include="src\Reading.h">
      <Filter>Header Files</Filter>
    </ClInclude>
    <ClInclude Include="src\Rule.h">
      <Filter>Header Files</Filter>
    </ClInclude>
    <ClInclude Include="src\Set.h">
      <Filter>Header Files</Filter>
    </ClInclude>
    <ClInclude Include="src\SingleWindow.h">
      <Filter>Header Files</Filter>
    </ClInclude>
    <ClInclude Include="src\sorted_vector.hpp">
      <Filter>Header Files</Filter>
    </ClInclude>
    <ClInclude Include="src\stdafx.h">
      <Filter>Header Files</Filter>
    </ClInclude>
    <ClInclude Include="src\Strings.h">
      <Filter>Header Files</Filter>
    </ClInclude>
    <ClInclude Include="src\Tag.h">
      <Filter>Header Files</Filter>
    </ClInclude>
    <ClInclude Include="src\TextualParser.h">
      <Filter>Header Files</Filter>
    </ClInclude>
    <ClInclude Include="src\uextras.h">
      <Filter>Header Files</Filter>
    </ClInclude>
    <ClInclude Include="src\version.h">
      <Filter>Header Files</Filter>
    </ClInclude>
    <ClInclude Include="src\Window.h">
      <Filter>Header Files</Filter>
    </ClInclude>
  </ItemGroup>
  <ItemGroup>
    <None Include="LICENSE" />
    <None Include="license.icu.txt" />
    <None Include="TODO" />
    <None Include="TODO.list" />
  </ItemGroup>
</Project>